
Microsoft Visual Studio Solution File, Format Version 12.00
# Visual Studio Version 17
VisualStudioVersion = 17.2.32526.322
MinimumVisualStudioVersion = 10.0.40219.1
Project("{FAE04EC0-301F-11D3-BF4B-00C04F79EFBC}") = "WebAPIDemo", "WebAPIDemo\WebAPIDemo.csproj", "{B5A1FAA3-7F39-4442-9191-C6A9A3E95996}"
EndProject
Global
	GlobalSection(SolutionConfigurationPlatforms) = preSolution
		Debug|Any CPU = Debug|Any CPU
		Release|Any CPU = Release|Any CPU
	EndGlobalSection
	GlobalSection(ProjectConfigurationPlatforms) = postSolution
		{B5A1FAA3-7F39-4442-9191-C6A9A3E95996}.Debug|Any CPU.ActiveCfg = Debug|Any CPU
		{B5A1FAA3-7F39-4442-9191-C6A9A3E95996}.Debug|Any CPU.Build.0 = Debug|Any CPU
		{B5A1FAA3-7F39-4442-9191-C6A9A3E95996}.Release|Any CPU.ActiveCfg = Release|Any CPU
		{B5A1FAA3-7F39-4442-9191-C6A9A3E95996}.Release|Any CPU.Build.0 = Release|Any CPU
	EndGlobalSection
	GlobalSection(SolutionProperties) = preSolution
		HideSolutionNode = FALSE
	EndGlobalSection
	GlobalSection(ExtensibilityGlobals) = postSolution
		SolutionGuid = {1049863C-9B5B-477B-B746-28D5BD7BF4CB}
	EndGlobalSection
EndGlobal
